
Microsoft Visual Studio Solution File, Format Version 12.00
# Visual Studio Version 17
VisualStudioVersion = 17.5.33627.172
MinimumVisualStudioVersion = 10.0.40219.1
Project("{FAE04EC0-301F-11D3-BF4B-00C04F79EFBC}") = "PiedraPapelTijera", "PiedraPapelTijera.csproj", "{A17D6938-731E-4512-9CBD-AC46FD16AC10}"
EndProject
Global
	GlobalSection(SolutionConfigurationPlatforms) = preSolution
		Debug|Any CPU = Debug|Any CPU
		Release|Any CPU = Release|Any CPU
	EndGlobalSection
	GlobalSection(ProjectConfigurationPlatforms) = postSolution
		{A17D6938-731E-4512-9CBD-AC46FD16AC10}.Debug|Any CPU.ActiveCfg = Debug|Any CPU
		{A17D6938-731E-4512-9CBD-AC46FD16AC10}.Debug|Any CPU.Build.0 = Debug|Any CPU
		{A17D6938-731E-4512-9CBD-AC46FD16AC10}.Release|Any CPU.ActiveCfg = Release|Any CPU
		{A17D6938-731E-4512-9CBD-AC46FD16AC10}.Release|Any CPU.Build.0 = Release|Any CPU
	EndGlobalSection
	GlobalSection(SolutionProperties) = preSolution
		HideSolutionNode = FALSE
	EndGlobalSection
	GlobalSection(ExtensibilityGlobals) = postSolution
		SolutionGuid = {3689223E-9E58-4BE3-AD13-8B3BDCECEC61}
	EndGlobalSection
EndGlobal
